
Microsoft Visual Studio Solution File, Format Version 12.00
# Visual Studio Version 17
VisualStudioVersion = 17.14.36511.14 d17.14
MinimumVisualStudioVersion = 10.0.40219.1
Project("{FAE04EC0-301F-11D3-BF4B-00C04F79EFBC}") = "Bai08", "Bai08\Bai08.csproj", "{FE487EE1-2242-4737-8825-5A08E82D458D}"
EndProject
Global
	GlobalSection(SolutionConfigurationPlatforms) = preSolution
		Debug|Any CPU = Debug|Any CPU
		Release|Any CPU = Release|Any CPU
	EndGlobalSection
	GlobalSection(ProjectConfigurationPlatforms) = postSolution
		{FE487EE1-2242-4737-8825-5A08E82D458D}.Debug|Any CPU.ActiveCfg = Debug|Any CPU
		{FE487EE1-2242-4737-8825-5A08E82D458D}.Debug|Any CPU.Build.0 = Debug|Any CPU
		{FE487EE1-2242-4737-8825-5A08E82D458D}.Release|Any CPU.ActiveCfg = Release|Any CPU
		{FE487EE1-2242-4737-8825-5A08E82D458D}.Release|Any CPU.Build.0 = Release|Any CPU
	EndGlobalSection
	GlobalSection(SolutionProperties) = preSolution
		HideSolutionNode = FALSE
	EndGlobalSection
	GlobalSection(ExtensibilityGlobals) = postSolution
		SolutionGuid = {41E97824-4F5A-46FA-A048-52F7693261E5}
	EndGlobalSection
EndGlobal
